
Microsoft Visual Studio Solution File, Format Version 12.00
# Visual Studio Version 17
VisualStudioVersion = 17.4.33205.214
MinimumVisualStudioVersion = 10.0.40219.1
Project("{FAE04EC0-301F-11D3-BF4B-00C04F79EFBC}") = "NativeWPF", "NativeWPF.csproj", "{E9E2B82D-689B-47CD-8205-7B2E6D34026E}"
EndProject
Global
	GlobalSection(SolutionConfigurationPlatforms) = preSolution
		Debug|Any CPU = Debug|Any CPU
		Release|Any CPU = Release|Any CPU
	EndGlobalSection
	GlobalSection(ProjectConfigurationPlatforms) = postSolution
		{E9E2B82D-689B-47CD-8205-7B2E6D34026E}.Debug|Any CPU.ActiveCfg = Debug|Any CPU
		{E9E2B82D-689B-47CD-8205-7B2E6D34026E}.Debug|Any CPU.Build.0 = Debug|Any CPU
		{E9E2B82D-689B-47CD-8205-7B2E6D34026E}.Release|Any CPU.ActiveCfg = Release|Any CPU
		{E9E2B82D-689B-47CD-8205-7B2E6D34026E}.Release|Any CPU.Build.0 = Release|Any CPU
	EndGlobalSection
	GlobalSection(SolutionProperties) = preSolution
		HideSolutionNode = FALSE
	EndGlobalSection
	GlobalSection(ExtensibilityGlobals) = postSolution
		SolutionGuid = {22EDE4E0-2A54-4E14-92FB-0DDC9C53E5E0}
	EndGlobalSection
EndGlobal
