
Microsoft Visual Studio Solution File, Format Version 12.00
# Visual Studio Version 17
VisualStudioVersion = 17.7.34024.191
MinimumVisualStudioVersion = 10.0.40219.1
Project("{FAE04EC0-301F-11D3-BF4B-00C04F79EFBC}") = "WinFormsApp1", "WinFormsApp1.csproj", "{34197CC9-BCD4-4666-B824-0B37D7D0DADE}"
EndProject
Global
	GlobalSection(SolutionConfigurationPlatforms) = preSolution
		Debug|Any CPU = Debug|Any CPU
		Release|Any CPU = Release|Any CPU
	EndGlobalSection
	GlobalSection(ProjectConfigurationPlatforms) = postSolution
		{34197CC9-BCD4-4666-B824-0B37D7D0DADE}.Debug|Any CPU.ActiveCfg = Debug|Any CPU
		{34197CC9-BCD4-4666-B824-0B37D7D0DADE}.Debug|Any CPU.Build.0 = Debug|Any CPU
		{34197CC9-BCD4-4666-B824-0B37D7D0DADE}.Release|Any CPU.ActiveCfg = Release|Any CPU
		{34197CC9-BCD4-4666-B824-0B37D7D0DADE}.Release|Any CPU.Build.0 = Release|Any CPU
	EndGlobalSection
	GlobalSection(SolutionProperties) = preSolution
		HideSolutionNode = FALSE
	EndGlobalSection
	GlobalSection(ExtensibilityGlobals) = postSolution
		SolutionGuid = {29751EA9-03C8-438B-9F91-0C99D6D3C947}
	EndGlobalSection
EndGlobal
